// !$*UTF8*$!
{
	archiveVersion = 1;
	classes = {
	};
	objectVersion = 46;
	objects = {

/* Begin PBXBuildFile section */
		265F26F11A954BAC005DB20F /* AppDelegate.swift in Sources */ = {isa = PBXBuildFile; fileRef = 265F26F01A954BAC005DB20F /* AppDelegate.swift */; };
		265F26F31A954BAC005DB20F /* ViewController.swift in Sources */ = {isa = PBXBuildFile; fileRef = 265F26F21A954BAC005DB20F /* ViewController.swift */; };
		265F26F61A954BAC005DB20F /* Main.storyboard in Resources */ = {isa = PBXBuildFile; fileRef = 265F26F41A954BAC005DB20F /* Main.storyboard */; };
		265F26F81A954BAC005DB20F /* Images.xcassets in Resources */ = {isa = PBXBuildFile; fileRef = 265F26F71A954BAC005DB20F /* Images.xcassets */; };
		265F26FB1A954BAC005DB20F /* LaunchScreen.xib in Resources */ = {isa = PBXBuildFile; fileRef = 265F26F91A954BAC005DB20F /* LaunchScreen.xib */; };
		265F27071A954BAC005DB20F /* ios_koriyamaTests.swift in Sources */ = {isa = PBXBuildFile; fileRef = 265F27061A954BAC005DB20F /* ios_koriyamaTests.swift */; };
		26C729181A9631E600440858 /* html in Resources */ = {isa = PBXBuildFile; fileRef = 26C729171A9631E600440858 /* html */; };
/* End PBXBuildFile section */

/* Begin PBXContainerItemProxy section */
		265F27011A954BAC005DB20F /* PBXContainerItemProxy */ = {
			isa = PBXContainerItemProxy;
			containerPortal = 265F26E31A954BAC005DB20F /* Project object */;
			proxyType = 1;
			remoteGlobalIDString = 265F26EA1A954BAC005DB20F;
			remoteInfo = "ios-koriyama";
		};
/* End PBXContainerItemProxy section */

/* Begin PBXFileReference section */
		265F26EB1A954BAC005DB20F /* ios-koriyama.app */ = {isa = PBXFileReference; explicitFileType = wrapper.application; includeInIndex = 0; path = "ios-koriyama.app"; sourceTree = BUILT_PRODUCTS_DIR; };
		265F26EF1A954BAC005DB20F /* Info.plist */ = {isa = PBXFileReference; lastKnownFileType = text.plist.xml; path = Info.plist; sourceTree = "<group>"; };
		265F26F01A954BAC005DB20F /* AppDelegate.swift */ = {isa = PBXFileReference; lastKnownFileType = sourcecode.swift; path = AppDelegate.swift; sourceTree = "<group>"; };
		265F26F21A954BAC005DB20F /* ViewController.swift */ = {isa = PBXFileReference; lastKnownFileType = sourcecode.swift; path = ViewController.swift; sourceTree = "<group>"; };
		265F26F51A954BAC005DB20F /* Base */ = {isa = PBXFileReference; lastKnownFileType = file.storyboard; name = Base; path = Base.lproj/Main.storyboard; sourceTree = "<group>"; };
		265F26F71A954BAC005DB20F /* Images.xcassets */ = {isa = PBXFileReference; lastKnownFileType = folder.assetcatalog; path = Images.xcassets; sourceTree = "<group>"; };
		265F26FA1A954BAC005DB20F /* Base */ = {isa = PBXFileReference; lastKnownFileType = file.xib; name = Base; path = Base.lproj/LaunchScreen.xib; sourceTree = "<group>"; };
		265F27001A954BAC005DB20F /* ios-koriyamaTests.xctest */ = {isa = PBXFileReference; explicitFileType = wrapper.cfbundle; includeInIndex = 0; path = "ios-koriyamaTests.xctest"; sourceTree = BUILT_PRODUCTS_DIR; };
		265F27051A954BAC005DB20F /* Info.plist */ = {isa = PBXFileReference; lastKnownFileType = text.plist.xml; path = Info.plist; sourceTree = "<group>"; };
		265F27061A954BAC005DB20F /* ios_koriyamaTests.swift */ = {isa = PBXFileReference; lastKnownFileType = sourcecode.swift; path = ios_koriyamaTests.swift; sourceTree = "<group>"; };
		26C729171A9631E600440858 /* html */ = {isa = PBXFileReference; lastKnownFileType = folder; path = html; sourceTree = "<group>"; };
/* End PBXFileReference section */

/* Begin PBXFrameworksBuildPhase section */
		265F26E81A954BAC005DB20F /* Frameworks */ = {
			isa = PBXFrameworksBuildPhase;
			buildActionMask = 2147483647;
			files = (
			);
			runOnlyForDeploymentPostprocessing = 0;
		};
		265F26FD1A954BAC005DB20F /* Frameworks */ = {
			isa = PBXFrameworksBuildPhase;
			buildActionMask = 2147483647;
			files = (
			);
			runOnlyForDeploymentPostprocessing = 0;
		};
/* End PBXFrameworksBuildPhase section */

/* Begin PBXGroup section */
		265F26E21A954BAC005DB20F = {
			isa = PBXGroup;
			children = (
				265F26ED1A954BAC005DB20F /* ios-koriyama */,
				265F27031A954BAC005DB20F /* ios-koriyamaTests */,
				265F26EC1A954BAC005DB20F /* Products */,
			);
			sourceTree = "<group>";
		};
		265F26EC1A954BAC005DB20F /* Products */ = {
			isa = PBXGroup;
			children = (
				265F26EB1A954BAC005DB20F /* ios-koriyama.app */,
				265F27001A954BAC005DB20F /* ios-koriyamaTests.xctest */,
			);
			name = Products;
			sourceTree = "<group>";
		};
		265F26ED1A954BAC005DB20F /* ios-koriyama */ = {
			isa = PBXGroup;
			children = (
				265F26F01A954BAC005DB20F /* AppDelegate.swift */,
				265F26F21A954BAC005DB20F /* ViewController.swift */,
				265F26F41A954BAC005DB20F /* Main.storyboard */,
				265F26F71A954BAC005DB20F /* Images.xcassets */,
				265F26F91A954BAC005DB20F /* LaunchScreen.xib */,
				26C729171A9631E600440858 /* html */,
				265F26EE1A954BAC005DB20F /* Supporting Files */,
			);
			path = "ios-koriyama";
			sourceTree = "<group>";
		};
		265F26EE1A954BAC005DB20F /* Supporting Files */ = {
			isa = PBXGroup;
			children = (
				265F26EF1A954BAC005DB20F /* Info.plist */,
			);
			name = "Supporting Files";
			sourceTree = "<group>";
		};
		265F27031A954BAC005DB20F /* ios-koriyamaTests */ = {
			isa = PBXGroup;
			children = (
				265F27061A954BAC005DB20F /* ios_koriyamaTests.swift */,
				265F27041A954BAC005DB20F /* Supporting Files */,
			);
			path = "ios-koriyamaTests";
			sourceTree = "<group>";
		};
		265F27041A954BAC005DB20F /* Supporting Files */ = {
			isa = PBXGroup;
			children = (
				265F27051A954BAC005DB20F /* Info.plist */,
			);
			name = "Supporting Files";
			sourceTree = "<group>";
		};
/* End PBXGroup section */

/* Begin PBXNativeTarget section */
		265F26EA1A954BAC005DB20F /* ios-koriyama */ = {
			isa = PBXNativeTarget;
			buildConfigurationList = 265F270A1A954BAC005DB20F /* Build configuration list for PBXNativeTarget "ios-koriyama" */;
			buildPhases = (
				265F26E71A954BAC005DB20F /* Sources */,
				265F26E81A954BAC005DB20F /* Frameworks */,
				265F26E91A954BAC005DB20F /* Resources */,
			);
			buildRules = (
			);
			dependencies = (
			);
			name = "ios-koriyama";
			productName = "ios-koriyama";
			productReference = 265F26EB1A954BAC005DB20F /* ios-koriyama.app */;
			productType = "com.apple.product-type.application";
		};
		265F26FF1A954BAC005DB20F /* ios-koriyamaTests */ = {
			isa = PBXNativeTarget;
			buildConfigurationList = 265F270D1A954BAC005DB20F /* Build configuration list for PBXNativeTarget "ios-koriyamaTests" */;
			buildPhases = (
				265F26FC1A954BAC005DB20F /* Sources */,
				265F26FD1A954BAC005DB20F /* Frameworks */,
				265F26FE1A954BAC005DB20F /* Resources */,
			);
			buildRules = (
			);
			dependencies = (
				265F27021A954BAC005DB20F /* PBXTargetDependency */,
			);
			name = "ios-koriyamaTests";
			productName = "ios-koriyamaTests";
			productReference = 265F27001A954BAC005DB20F /* ios-koriyamaTests.xctest */;
			productType = "com.apple.product-type.bundle.unit-test";
		};
/* End PBXNativeTarget section */

/* Begin PBXProject section */
		265F26E31A954BAC005DB20F /* Project object */ = {
			isa = PBXProject;
			attributes = {
				LastUpgradeCheck = 0610;
				ORGANIZATIONNAME = isaoeka;
				TargetAttributes = {
					265F26EA1A954BAC005DB20F = {
						CreatedOnToolsVersion = 6.1.1;
					};
					265F26FF1A954BAC005DB20F = {
						CreatedOnToolsVersion = 6.1.1;
						TestTargetID = 265F26EA1A954BAC005DB20F;
					};
				};
			};
			buildConfigurationList = 265F26E61A954BAC005DB20F /* Build configuration list for PBXProject "ios-koriyama" */;
			compatibilityVersion = "Xcode 3.2";
			developmentRegion = English;
			hasScannedForEncodings = 0;
			knownRegions = (
				en,
				Base,
			);
			mainGroup = 265F26E21A954BAC005DB20F;
			productRefGroup = 265F26EC1A954BAC005DB20F /* Products */;
			projectDirPath = "";
			projectRoot = "";
			targets = (
				265F26EA1A954BAC005DB20F /* ios-koriyama */,
				265F26FF1A954BAC005DB20F /* ios-koriyamaTests */,
			);
		};
/* End PBXProject section */

/* Begin PBXResourcesBuildPhase section */
		265F26E91A954BAC005DB20F /* Resources */ = {
			isa = PBXResourcesBuildPhase;
			buildActionMask = 2147483647;
			files = (
				265F26F61A954BAC005DB20F /* Main.storyboard in Resources */,
				26C729181A9631E600440858 /* html in Resources */,
				265F26FB1A954BAC005DB20F /* LaunchScreen.xib in Resources */,
				265F26F81A954BAC005DB20F /* Images.xcassets in Resources */,
			);
			runOnlyForDeploymentPostprocessing = 0;
		};
		265F26FE1A954BAC005DB20F /* Resources */ = {
			isa = PBXResourcesBuildPhase;
			buildActionMask = 2147483647;
			files = (
			);
			runOnlyForDeploymentPostprocessing = 0;
		};
/* End PBXResourcesBuildPhase section */

/* Begin PBXSourcesBuildPhase section */
		265F26E71A954BAC005DB20F /* Sources */ = {
			isa = PBXSourcesBuildPhase;
			buildActionMask = 2147483647;
			files = (
				265F26F31A954BAC005DB20F /* ViewController.swift in Sources */,
				265F26F11A954BAC005DB20F /* AppDelegate.swift in Sources */,
			);
			runOnlyForDeploymentPostprocessing = 0;
		};
		265F26FC1A954BAC005DB20F /* Sources */ = {
			isa = PBXSourcesBuildPhase;
			buildActionMask = 2147483647;
			files = (
				265F27071A954BAC005DB20F /* ios_koriyamaTests.swift in Sources */,
			);
			runOnlyForDeploymentPostprocessing = 0;
		};
/* End PBXSourcesBuildPhase section */

/* Begin PBXTargetDependency section */
		265F27021A954BAC005DB20F /* PBXTargetDependency */ = {
			isa = PBXTargetDependency;
			target = 265F26EA1A954BAC005DB20F /* ios-koriyama */;
			targetProxy = 265F27011A954BAC005DB20F /* PBXContainerItemProxy */;
		};
/* End PBXTargetDependency section */

/* Begin PBXVariantGroup section */
		265F26F41A954BAC005DB20F /* Main.storyboard */ = {
			isa = PBXVariantGroup;
			children = (
				265F26F51A954BAC005DB20F /* Base */,
			);
			name = Main.storyboard;
			sourceTree = "<group>";
		};
		265F26F91A954BAC005DB20F /* LaunchScreen.xib */ = {
			isa = PBXVariantGroup;
			children = (
				265F26FA1A954BAC005DB20F /* Base */,
			);
			name = LaunchScreen.xib;
			sourceTree = "<group>";
		};
/* End PBXVariantGroup section */

/* Begin XCBuildConfiguration section */
		265F27081A954BAC005DB20F /* Debug */ = {
			isa = XCBuildConfiguration;
			buildSettings = {
				ALWAYS_SEARCH_USER_PATHS = NO;
				CLANG_CXX_LANGUAGE_STANDARD = "gnu++0x";
				CLANG_CXX_LIBRARY = "libc++";
				CLANG_ENABLE_MODULES = YES;
				CLANG_ENABLE_OBJC_ARC = YES;
				CLANG_WARN_BOOL_CONVERSION = YES;
				CLANG_WARN_CONSTANT_CONVERSION = YES;
				CLANG_WARN_DIRECT_OBJC_ISA_USAGE = YES_ERROR;
				CLANG_WARN_EMPTY_BODY = YES;
				CLANG_WARN_ENUM_CONVERSION = YES;
				CLANG_WARN_INT_CONVERSION = YES;
				CLANG_WARN_OBJC_ROOT_CLASS = YES_ERROR;
				CLANG_WARN_UNREACHABLE_CODE = YES;
				CLANG_WARN__DUPLICATE_METHOD_MATCH = YES;
				"CODE_SIGN_IDENTITY[sdk=iphoneos*]" = "iPhone Developer";
				COPY_PHASE_STRIP = NO;
				ENABLE_STRICT_OBJC_MSGSEND = YES;
				GCC_C_LANGUAGE_STANDARD = gnu99;
				GCC_DYNAMIC_NO_PIC = NO;
				GCC_OPTIMIZATION_LEVEL = 0;
				GCC_PREPROCESSOR_DEFINITIONS = (
					"DEBUG=1",
					"$(inherited)",
				);
				GCC_SYMBOLS_PRIVATE_EXTERN = NO;
				GCC_WARN_64_TO_32_BIT_CONVERSION = YES;
				GCC_WARN_ABOUT_RETURN_TYPE = YES_ERROR;
				GCC_WARN_UNDECLARED_SELECTOR = YES;
				GCC_WARN_UNINITIALIZED_AUTOS = YES_AGGRESSIVE;
				GCC_WARN_UNUSED_FUNCTION = YES;
				GCC_WARN_UNUSED_VARIABLE = YES;
				IPHONEOS_DEPLOYMENT_TARGET = 8.1;
				MTL_ENABLE_DEBUG_INFO = YES;
				ONLY_ACTIVE_ARCH = YES;
				SDKROOT = iphoneos;
				SWIFT_OPTIMIZATION_LEVEL = "-Onone";
			};
			name = Debug;
		};
		265F27091A954BAC005DB20F /* Release */ = {
			isa = XCBuildConfiguration;
			buildSettings = {
				ALWAYS_SEARCH_USER_PATHS = NO;
				CLANG_CXX_LANGUAGE_STANDARD = "gnu++0x";
				CLANG_CXX_LIBRARY = "libc++";
				CLANG_ENABLE_MODULES = YES;
				CLANG_ENABLE_OBJC_ARC = YES;
				CLANG_WARN_BOOL_CONVERSION = YES;
				CLANG_WARN_CONSTANT_CONVERSION = YES;
				CLANG_WARN_DIRECT_OBJC_ISA_USAGE = YES_ERROR;
				CLANG_WARN_EMPTY_BODY = YES;
				CLANG_WARN_ENUM_CONVERSION = YES;
				CLANG_WARN_INT_CONVERSION = YES;
				CLANG_WARN_OBJC_ROOT_CLASS = YES_ERROR;
				CLANG_WARN_UNREACHABLE_CODE = YES;
				CLANG_WARN__DUPLICATE_METHOD_MATCH = YES;
				"CODE_SIGN_IDENTITY[sdk=iphoneos*]" = "iPhone Developer";
				COPY_PHASE_STRIP = YES;
				ENABLE_NS_ASSERTIONS = NO;
				ENABLE_STRICT_OBJC_MSGSEND = YES;
				GCC_C_LANGUAGE_STANDARD = gnu99;
				GCC_WARN_64_TO_32_BIT_CONVERSION = YES;
				GCC_WARN_ABOUT_RETURN_TYPE = YES_ERROR;
				GCC_WARN_UNDECLARED_SELECTOR = YES;
				GCC_WARN_UNINITIALIZED_AUTOS = YES_AGGRESSIVE;
				GCC_WARN_UNUSED_FUNCTION = YES;
				GCC_WARN_UNUSED_VARIABLE = YES;
				IPHONEOS_DEPLOYMENT_TARGET = 8.1;
				MTL_ENABLE_DEBUG_INFO = NO;
				SDKROOT = iphoneos;
				VALIDATE_PRODUCT = YES;
			};
			name = Release;
		};
		265F270B1A954BAC005DB20F /* Debug */ = {
			isa = XCBuildConfiguration;
			buildSettings = {
				ASSETCATALOG_COMPILER_APPICON_NAME = AppIcon;
				INFOPLIST_FILE = "ios-koriyama/Info.plist";
				LD_RUNPATH_SEARCH_PATHS = "$(inherited) @executable_path/Frameworks";
				PRODUCT_NAME = "$(TARGET_NAME)";
			};
			name = Debug;
		};
		265F270C1A954BAC005DB20F /* Release */ = {
			isa = XCBuildConfiguration;
			buildSettings = {
				ASSETCATALOG_COMPILER_APPICON_NAME = AppIcon;
				INFOPLIST_FILE = "ios-koriyama/Info.plist";
				LD_RUNPATH_SEARCH_PATHS = "$(inherited) @executable_path/Frameworks";
				PRODUCT_NAME = "$(TARGET_NAME)";
			};
			name = Release;
		};
		265F270E1A954BAC005DB20F /* Debug */ = {
			isa = XCBuildConfiguration;
			buildSettings = {
				BUNDLE_LOADER = "$(TEST_HOST)";
				FRAMEWORK_SEARCH_PATHS = (
					"$(SDKROOT)/Developer/Library/Frameworks",
					"$(inherited)",
				);
				GCC_PREPROCESSOR_DEFINITIONS = (
					"DEBUG=1",
					"$(inherited)",
				);
				INFOPLIST_FILE = "ios-koriyamaTests/Info.plist";
				LD_RUNPATH_SEARCH_PATHS = "$(inherited) @executable_path/Frameworks @loader_path/Frameworks";
				PRODUCT_NAME = "$(TARGET_NAME)";
				TEST_HOST = "$(BUILT_PRODUCTS_DIR)/ios-koriyama.app/ios-koriyama";
			};
			name = Debug;
		};
		265F270F1A954BAC005DB20F /* Release */ = {
			isa = XCBuildConfiguration;
			buildSettings = {
				BUNDLE_LOADER = "$(TEST_HOST)";
				FRAMEWORK_SEARCH_PATHS = (
					"$(SDKROOT)/Developer/Library/Frameworks",
					"$(inherited)",
				);
				INFOPLIST_FILE = "ios-koriyamaTests/Info.plist";
				LD_RUNPATH_SEARCH_PATHS = "$(inherited) @executable_path/Frameworks @loader_path/Frameworks";
				PRODUCT_NAME = "$(TARGET_NAME)";
				TEST_HOST = "$(BUILT_PRODUCTS_DIR)/ios-koriyama.app/ios-koriyama";
			};
			name = Release;
		};
/* End XCBuildConfiguration section */

/* Begin XCConfigurationList section */
		265F26E61A954BAC005DB20F /* Build configuration list for PBXProject "ios-koriyama" */ = {
			isa = XCConfigurationList;
			buildConfigurations = (
				265F27081A954BAC005DB20F /* Debug */,
				265F27091A954BAC005DB20F /* Release */,
			);
			defaultConfigurationIsVisible = 0;
			defaultConfigurationName = Release;
		};
		265F270A1A954BAC005DB20F /* Build configuration list for PBXNativeTarget "ios-koriyama" */ = {
			isa = XCConfigurationList;
			buildConfigurations = (
				265F270B1A954BAC005DB20F /* Debug */,
				265F270C1A954BAC005DB20F /* Release */,
			);
			defaultConfigurationIsVisible = 0;
			defaultConfigurationName = Release;
		};
		265F270D1A954BAC005DB20F /* Build configuration list for PBXNativeTarget "ios-koriyamaTests" */ = {
			isa = XCConfigurationList;
			buildConfigurations = (
				265F270E1A954BAC005DB20F /* Debug */,
				265F270F1A954BAC005DB20F /* Release */,
			);
			defaultConfigurationIsVisible = 0;
			defaultConfigurationName = Release;
		};
/* End XCConfigurationList section */
	};
	rootObject = 265F26E31A954BAC005DB20F /* Project object */;
}
